<?xml version="1.0" encoding="utf-8"?>
<Project ToolsVersion="4.0" xmlns="http://schemas.microsoft.com/developer/msbuild/2003">
  <ItemGroup>
    <ClCompile Include="ConsoleApplication_ConsoleGame.cpp">
      <Filter>SourceFiles</Filter>
    </ClCompile>
    <ClCompile Include="KInput.cpp">
      <Filter>SourceFiles</Filter>
    </ClCompile>
    <ClCompile Include="KMatrix2.cpp">
      <Filter>SourceFiles</Filter>
    </ClCompile>
    <ClCompile Include="KVector2.cpp">
      <Filter>SourceFiles</Filter>
    </ClCompile>
    <ClCompile Include="MyUtil.cpp">
      <Filter>SourceFiles</Filter>
    </ClCompile>
  </ItemGroup>
  <ItemGroup>
    <ClInclude Include="KInput.h">
      <Filter>HeaderFiles</Filter>
    </ClInclude>
    <ClInclude Include="KMatrix2.h">
      <Filter>HeaderFiles</Filter>
    </ClInclude>
    <ClInclude Include="KVector2.h">
      <Filter>HeaderFiles</Filter>
    </ClInclude>
    <ClInclude Include="MyUtil.h">
      <Filter>HeaderFiles</Filter>
    </ClInclude>
  </ItemGroup>
  <ItemGroup>
    <Filter Include="HeaderFiles">
      <UniqueIdentifier>{8cc83a9a-831d-48db-83ed-eca05fee2387}</UniqueIdentifier>
    </Filter>
    <Filter Include="SourceFiles">
      <UniqueIdentifier>{0aa48d44-2b28-4c6e-b6ec-80c49065387a}</UniqueIdentifier>
    </Filter>
  </ItemGroup>
</Project>